
Microsoft Visual Studio Solution File, Format Version 12.00
# Visual Studio Version 17
VisualStudioVersion = 17.3.32929.385
MinimumVisualStudioVersion = 10.0.40219.1
Project("{FAE04EC0-301F-11D3-BF4B-00C04F79EFBC}") = "GradesTest", "GradesTest\GradesTest.csproj", "{BF597FD6-55D8-4085-A132-03F8F48B9FAA}"
EndProject
Global
	GlobalSection(SolutionConfigurationPlatforms) = preSolution
		Debug|Any CPU = Debug|Any CPU
		Release|Any CPU = Release|Any CPU
	EndGlobalSection
	GlobalSection(ProjectConfigurationPlatforms) = postSolution
		{BF597FD6-55D8-4085-A132-03F8F48B9FAA}.Debug|Any CPU.ActiveCfg = Debug|Any CPU
		{BF597FD6-55D8-4085-A132-03F8F48B9FAA}.Debug|Any CPU.Build.0 = Debug|Any CPU
		{BF597FD6-55D8-4085-A132-03F8F48B9FAA}.Release|Any CPU.ActiveCfg = Release|Any CPU
		{BF597FD6-55D8-4085-A132-03F8F48B9FAA}.Release|Any CPU.Build.0 = Release|Any CPU
	EndGlobalSection
	GlobalSection(SolutionProperties) = preSolution
		HideSolutionNode = FALSE
	EndGlobalSection
	GlobalSection(ExtensibilityGlobals) = postSolution
		SolutionGuid = {17778B84-D935-4FD8-8EEA-90F29173A5FC}
	EndGlobalSection
EndGlobal
